
Microsoft Visual Studio Solution File, Format Version 12.00
# Visual Studio 15
VisualStudioVersion = 15.0.27130.2027
MinimumVisualStudioVersion = 10.0.40219.1
Project("{FAE04EC0-301F-11D3-BF4B-00C04F79EFBC}") = "XamarinFormAndroidContextDemo.Android", "XamarinFormAndroidContextDemo.Android\XamarinFormAndroidContextDemo.Android.csproj", "{D791E3AC-805E-4F7C-8EBF-ED17C948CE8A}"
EndProject
Project("{FAE04EC0-301F-11D3-BF4B-00C04F79EFBC}") = "XamarinFormAndroidContextDemo", "XamarinFormAndroidContextDemo\XamarinFormAndroidContextDemo.csproj", "{EDE12F69-7C9E-44FB-87F1-54F156E61007}"
EndProject
Global
	GlobalSection(SolutionConfigurationPlatforms) = preSolution
		Debug|Any CPU = Debug|Any CPU
		Release|Any CPU = Release|Any CPU
	EndGlobalSection
	GlobalSection(ProjectConfigurationPlatforms) = postSolution
		{D791E3AC-805E-4F7C-8EBF-ED17C948CE8A}.Debug|Any CPU.ActiveCfg = Debug|Any CPU
		{D791E3AC-805E-4F7C-8EBF-ED17C948CE8A}.Debug|Any CPU.Build.0 = Debug|Any CPU
		{D791E3AC-805E-4F7C-8EBF-ED17C948CE8A}.Debug|Any CPU.Deploy.0 = Debug|Any CPU
		{D791E3AC-805E-4F7C-8EBF-ED17C948CE8A}.Release|Any CPU.ActiveCfg = Release|Any CPU
		{D791E3AC-805E-4F7C-8EBF-ED17C948CE8A}.Release|Any CPU.Build.0 = Release|Any CPU
		{D791E3AC-805E-4F7C-8EBF-ED17C948CE8A}.Release|Any CPU.Deploy.0 = Release|Any CPU
		{EDE12F69-7C9E-44FB-87F1-54F156E61007}.Debug|Any CPU.ActiveCfg = Debug|Any CPU
		{EDE12F69-7C9E-44FB-87F1-54F156E61007}.Debug|Any CPU.Build.0 = Debug|Any CPU
		{EDE12F69-7C9E-44FB-87F1-54F156E61007}.Release|Any CPU.ActiveCfg = Release|Any CPU
		{EDE12F69-7C9E-44FB-87F1-54F156E61007}.Release|Any CPU.Build.0 = Release|Any CPU
	EndGlobalSection
	GlobalSection(SolutionProperties) = preSolution
		HideSolutionNode = FALSE
	EndGlobalSection
	GlobalSection(ExtensibilityGlobals) = postSolution
		SolutionGuid = {08BB2DC2-50FB-4DDE-B790-5ACC4DDA3A8D}
	EndGlobalSection
EndGlobal
